
Microsoft Visual Studio Solution File, Format Version 12.00
# Visual Studio 15
VisualStudioVersion = 15.0.28307.329
MinimumVisualStudioVersion = 10.0.40219.1
Project("{FAE04EC0-301F-11D3-BF4B-00C04F79EFBC}") = "TextToAESEncryptor", "TextToAESEncryptor\TextToAESEncryptor.csproj", "{0A94F34C-91F6-46F2-B0A7-C13BAB5CB9B1}"
EndProject
Project("{FAE04EC0-301F-11D3-BF4B-00C04F79EFBC}") = "EncryptorTester", "EncryptorTester\EncryptorTester.csproj", "{58F836B1-9A22-45DD-B0F4-2E92E69B3018}"
EndProject
Global
	GlobalSection(SolutionConfigurationPlatforms) = preSolution
		Debug|Any CPU = Debug|Any CPU
		Release|Any CPU = Release|Any CPU
	EndGlobalSection
	GlobalSection(ProjectConfigurationPlatforms) = postSolution
		{0A94F34C-91F6-46F2-B0A7-C13BAB5CB9B1}.Debug|Any CPU.ActiveCfg = Debug|Any CPU
		{0A94F34C-91F6-46F2-B0A7-C13BAB5CB9B1}.Debug|Any CPU.Build.0 = Debug|Any CPU
		{0A94F34C-91F6-46F2-B0A7-C13BAB5CB9B1}.Release|Any CPU.ActiveCfg = Release|Any CPU
		{0A94F34C-91F6-46F2-B0A7-C13BAB5CB9B1}.Release|Any CPU.Build.0 = Release|Any CPU
		{58F836B1-9A22-45DD-B0F4-2E92E69B3018}.Debug|Any CPU.ActiveCfg = Debug|Any CPU
		{58F836B1-9A22-45DD-B0F4-2E92E69B3018}.Debug|Any CPU.Build.0 = Debug|Any CPU
		{58F836B1-9A22-45DD-B0F4-2E92E69B3018}.Release|Any CPU.ActiveCfg = Release|Any CPU
		{58F836B1-9A22-45DD-B0F4-2E92E69B3018}.Release|Any CPU.Build.0 = Release|Any CPU
	EndGlobalSection
	GlobalSection(SolutionProperties) = preSolution
		HideSolutionNode = FALSE
	EndGlobalSection
	GlobalSection(ExtensibilityGlobals) = postSolution
		SolutionGuid = {28EA11D7-DDD8-49F8-B319-605045029628}
	EndGlobalSection
EndGlobal
